Microsoft Visual Studio Solution File, Format Version 12.00
# Visual Studio Version 17
VisualStudioVersion = 17.5.2.0
MinimumVisualStudioVersion = 10.0.40219.1
Project("{FAE04EC0-301F-11D3-BF4B-00C04F79EFBC}") = "ProgPart2POE", "ProgPart2POE.csproj", "{C1769D06-535B-E1F9-DAE9-34DAD202C5A9}"
EndProject
Global
	GlobalSection(SolutionConfigurationPlatforms) = preSolution
		Debug|Any CPU = Debug|Any CPU
		Release|Any CPU = Release|Any CPU
	EndGlobalSection
	GlobalSection(ProjectConfigurationPlatforms) = postSolution
		{C1769D06-535B-E1F9-DAE9-34DAD202C5A9}.Debug|Any CPU.ActiveCfg = Debug|Any CPU
		{C1769D06-535B-E1F9-DAE9-34DAD202C5A9}.Debug|Any CPU.Build.0 = Debug|Any CPU
		{C1769D06-535B-E1F9-DAE9-34DAD202C5A9}.Release|Any CPU.ActiveCfg = Release|Any CPU
		{C1769D06-535B-E1F9-DAE9-34DAD202C5A9}.Release|Any CPU.Build.0 = Release|Any CPU
	EndGlobalSection
	GlobalSection(SolutionProperties) = preSolution
		HideSolutionNode = FALSE
	EndGlobalSection
	GlobalSection(ExtensibilityGlobals) = postSolution
		SolutionGuid = {809A91B7-ECA7-46B8-877B-6FBE03244D2A}
	EndGlobalSection
EndGlobal
